
Microsoft Visual Studio Solution File, Format Version 12.00
# Visual Studio Version 17
VisualStudioVersion = 17.1.32228.430
MinimumVisualStudioVersion = 10.0.40219.1
Project("{9A19103F-16F7-4668-BE54-9A1E7A4F7556}") = "WebApi", "WebApi\WebApi.csproj", "{0B19298B-4408-4384-97AF-F144882B583C}"
EndProject
Project("{2150E333-8FDC-42A3-9474-1A3956D46DE8}") = "Tests", "Tests", "{A2C56645-F93F-489B-9598-6C3D7087657A}"
EndProject
Project("{FAE04EC0-301F-11D3-BF4B-00C04F79EFBC}") = "WebApi.UnitTests", "WebApi.UnitTests\WebApi.UnitTests.csproj", "{2EBC827A-96E5-4770-B5DD-94A12B1B908C}"
EndProject
Global
	GlobalSection(SolutionConfigurationPlatforms) = preSolution
		Debug|Any CPU = Debug|Any CPU
		Release|Any CPU = Release|Any CPU
	EndGlobalSection
	GlobalSection(ProjectConfigurationPlatforms) = postSolution
		{0B19298B-4408-4384-97AF-F144882B583C}.Debug|Any CPU.ActiveCfg = Debug|Any CPU
		{0B19298B-4408-4384-97AF-F144882B583C}.Debug|Any CPU.Build.0 = Debug|Any CPU
		{0B19298B-4408-4384-97AF-F144882B583C}.Release|Any CPU.ActiveCfg = Release|Any CPU
		{0B19298B-4408-4384-97AF-F144882B583C}.Release|Any CPU.Build.0 = Release|Any CPU
		{2EBC827A-96E5-4770-B5DD-94A12B1B908C}.Debug|Any CPU.ActiveCfg = Debug|Any CPU
		{2EBC827A-96E5-4770-B5DD-94A12B1B908C}.Debug|Any CPU.Build.0 = Debug|Any CPU
		{2EBC827A-96E5-4770-B5DD-94A12B1B908C}.Release|Any CPU.ActiveCfg = Release|Any CPU
		{2EBC827A-96E5-4770-B5DD-94A12B1B908C}.Release|Any CPU.Build.0 = Release|Any CPU
	EndGlobalSection
	GlobalSection(SolutionProperties) = preSolution
		HideSolutionNode = FALSE
	EndGlobalSection
	GlobalSection(NestedProjects) = preSolution
		{2EBC827A-96E5-4770-B5DD-94A12B1B908C} = {A2C56645-F93F-489B-9598-6C3D7087657A}
	EndGlobalSection
	GlobalSection(ExtensibilityGlobals) = postSolution
		SolutionGuid = {4F833049-34C2-4305-91D1-7CDD875E8AE8}
	EndGlobalSection
EndGlobal
